
Microsoft Visual Studio Solution File, Format Version 12.00
# Visual Studio 15
VisualStudioVersion = 15.0.26403.7
MinimumVisualStudioVersion = 10.0.40219.1
Project("{FAE04EC0-301F-11D3-BF4B-00C04F79EFBC}") = "Tetris", "Tetris\Tetris.csproj", "{F2F3CD12-CD23-4A95-BE79-C31FFB81D883}"
EndProject
Project("{FAE04EC0-301F-11D3-BF4B-00C04F79EFBC}") = "ActionControl", "ActionControl\ActionControl.csproj", "{A56B1D6C-52D1-4013-8058-F0FE495CB0B6}"
EndProject
Project("{FAE04EC0-301F-11D3-BF4B-00C04F79EFBC}") = "Data", "Data\Data.csproj", "{1EADE1CA-B154-48AF-82F2-33DCD35AD2B3}"
EndProject
Project("{FAE04EC0-301F-11D3-BF4B-00C04F79EFBC}") = "Common", "Common\Common.csproj", "{200CA87F-FA4C-4604-9F38-C8883F7016B6}"
EndProject
Project("{FAE04EC0-301F-11D3-BF4B-00C04F79EFBC}") = "Factories", "Factories\Factories.csproj", "{155C2A4D-85BD-40FA-A6BA-5F5145A320C8}"
EndProject
Project("{FAE04EC0-301F-11D3-BF4B-00C04F79EFBC}") = "GraphicsTool", "GraphicsTool\GraphicsTool.csproj", "{CBFB7788-7221-46F5-B3C4-AC27DC146384}"
EndProject
Project("{FAE04EC0-301F-11D3-BF4B-00C04F79EFBC}") = "UnitTestProjectForRotate", "UnitTestProjectForRotate\UnitTestProjectForRotate.csproj", "{ABD59B3B-79FF-45DC-80AD-2D746D4B6E4A}"
EndProject
Project("{FAE04EC0-301F-11D3-BF4B-00C04F79EFBC}") = "TestConsole", "TestConsole\TestConsole.csproj", "{9FE87B43-FBB2-4B9C-9D81-5114C9C77831}"
EndProject
Project("{FAE04EC0-301F-11D3-BF4B-00C04F79EFBC}") = "SIFTTest", "SIFTTest\SIFTTest.csproj", "{6DA4BBB9-EB04-42BD-A64A-04223182CD61}"
EndProject
Project("{FAE04EC0-301F-11D3-BF4B-00C04F79EFBC}") = "TestFor3DGraphic", "3D\TestFor3DGraphic.csproj", "{ED13799B-7944-4F8D-A2B1-8F97F1A5910D}"
EndProject
Project("{2150E333-8FDC-42A3-9474-1A3956D46DE8}") = "Doc", "Doc", "{D13515F1-E2B2-4656-AF4A-39AB8A56BE33}"
	ProjectSection(SolutionItems) = preProject
		Doc\3D Graphic.pptx = Doc\3D Graphic.pptx
	EndProjectSection
EndProject
Global
	GlobalSection(SolutionConfigurationPlatforms) = preSolution
		Debug|Any CPU = Debug|Any CPU
		Debug|Mixed Platforms = Debug|Mixed Platforms
		Debug|Win32 = Debug|Win32
		Release|Any CPU = Release|Any CPU
		Release|Mixed Platforms = Release|Mixed Platforms
		Release|Win32 = Release|Win32
	EndGlobalSection
	GlobalSection(ProjectConfigurationPlatforms) = postSolution
		{F2F3CD12-CD23-4A95-BE79-C31FFB81D883}.Debug|Any CPU.ActiveCfg = Debug|Any CPU
		{F2F3CD12-CD23-4A95-BE79-C31FFB81D883}.Debug|Any CPU.Build.0 = Debug|Any CPU
		{F2F3CD12-CD23-4A95-BE79-C31FFB81D883}.Debug|Mixed Platforms.ActiveCfg = Debug|Any CPU
		{F2F3CD12-CD23-4A95-BE79-C31FFB81D883}.Debug|Mixed Platforms.Build.0 = Debug|Any CPU
		{F2F3CD12-CD23-4A95-BE79-C31FFB81D883}.Debug|Win32.ActiveCfg = Debug|Any CPU
		{F2F3CD12-CD23-4A95-BE79-C31FFB81D883}.Release|Any CPU.ActiveCfg = Release|Any CPU
		{F2F3CD12-CD23-4A95-BE79-C31FFB81D883}.Release|Any CPU.Build.0 = Release|Any CPU
		{F2F3CD12-CD23-4A95-BE79-C31FFB81D883}.Release|Mixed Platforms.ActiveCfg = Release|Any CPU
		{F2F3CD12-CD23-4A95-BE79-C31FFB81D883}.Release|Mixed Platforms.Build.0 = Release|Any CPU
		{F2F3CD12-CD23-4A95-BE79-C31FFB81D883}.Release|Win32.ActiveCfg = Release|Any CPU
		{A56B1D6C-52D1-4013-8058-F0FE495CB0B6}.Debug|Any CPU.ActiveCfg = Debug|Any CPU
		{A56B1D6C-52D1-4013-8058-F0FE495CB0B6}.Debug|Any CPU.Build.0 = Debug|Any CPU
		{A56B1D6C-52D1-4013-8058-F0FE495CB0B6}.Debug|Mixed Platforms.ActiveCfg = Debug|Any CPU
		{A56B1D6C-52D1-4013-8058-F0FE495CB0B6}.Debug|Mixed Platforms.Build.0 = Debug|Any CPU
		{A56B1D6C-52D1-4013-8058-F0FE495CB0B6}.Debug|Win32.ActiveCfg = Debug|Any CPU
		{A56B1D6C-52D1-4013-8058-F0FE495CB0B6}.Release|Any CPU.ActiveCfg = Release|Any CPU
		{A56B1D6C-52D1-4013-8058-F0FE495CB0B6}.Release|Any CPU.Build.0 = Release|Any CPU
		{A56B1D6C-52D1-4013-8058-F0FE495CB0B6}.Release|Mixed Platforms.ActiveCfg = Release|Any CPU
		{A56B1D6C-52D1-4013-8058-F0FE495CB0B6}.Release|Mixed Platforms.Build.0 = Release|Any CPU
		{A56B1D6C-52D1-4013-8058-F0FE495CB0B6}.Release|Win32.ActiveCfg = Release|Any CPU
		{1EADE1CA-B154-48AF-82F2-33DCD35AD2B3}.Debug|Any CPU.ActiveCfg = Debug|Any CPU
		{1EADE1CA-B154-48AF-82F2-33DCD35AD2B3}.Debug|Any CPU.Build.0 = Debug|Any CPU
		{1EADE1CA-B154-48AF-82F2-33DCD35AD2B3}.Debug|Mixed Platforms.ActiveCfg = Debug|Any CPU
		{1EADE1CA-B154-48AF-82F2-33DCD35AD2B3}.Debug|Mixed Platforms.Build.0 = Debug|Any CPU
		{1EADE1CA-B154-48AF-82F2-33DCD35AD2B3}.Debug|Win32.ActiveCfg = Debug|Any CPU
		{1EADE1CA-B154-48AF-82F2-33DCD35AD2B3}.Release|Any CPU.ActiveCfg = Release|Any CPU
		{1EADE1CA-B154-48AF-82F2-33DCD35AD2B3}.Release|Any CPU.Build.0 = Release|Any CPU
		{1EADE1CA-B154-48AF-82F2-33DCD35AD2B3}.Release|Mixed Platforms.ActiveCfg = Release|Any CPU
		{1EADE1CA-B154-48AF-82F2-33DCD35AD2B3}.Release|Mixed Platforms.Build.0 = Release|Any CPU
		{1EADE1CA-B154-48AF-82F2-33DCD35AD2B3}.Release|Win32.ActiveCfg = Release|Any CPU
		{200CA87F-FA4C-4604-9F38-C8883F7016B6}.Debug|Any CPU.ActiveCfg = Debug|Any CPU
		{200CA87F-FA4C-4604-9F38-C8883F7016B6}.Debug|Any CPU.Build.0 = Debug|Any CPU
		{200CA87F-FA4C-4604-9F38-C8883F7016B6}.Debug|Mixed Platforms.ActiveCfg = Debug|Any CPU
		{200CA87F-FA4C-4604-9F38-C8883F7016B6}.Debug|Mixed Platforms.Build.0 = Debug|Any CPU
		{200CA87F-FA4C-4604-9F38-C8883F7016B6}.Debug|Win32.ActiveCfg = Debug|Any CPU
		{200CA87F-FA4C-4604-9F38-C8883F7016B6}.Release|Any CPU.ActiveCfg = Release|Any CPU
		{200CA87F-FA4C-4604-9F38-C8883F7016B6}.Release|Any CPU.Build.0 = Release|Any CPU
		{200CA87F-FA4C-4604-9F38-C8883F7016B6}.Release|Mixed Platforms.ActiveCfg = Release|Any CPU
		{200CA87F-FA4C-4604-9F38-C8883F7016B6}.Release|Mixed Platforms.Build.0 = Release|Any CPU
		{200CA87F-FA4C-4604-9F38-C8883F7016B6}.Release|Win32.ActiveCfg = Release|Any CPU
		{155C2A4D-85BD-40FA-A6BA-5F5145A320C8}.Debug|Any CPU.ActiveCfg = Debug|Any CPU
		{155C2A4D-85BD-40FA-A6BA-5F5145A320C8}.Debug|Any CPU.Build.0 = Debug|Any CPU
		{155C2A4D-85BD-40FA-A6BA-5F5145A320C8}.Debug|Mixed Platforms.ActiveCfg = Debug|Any CPU
		{155C2A4D-85BD-40FA-A6BA-5F5145A320C8}.Debug|Mixed Platforms.Build.0 = Debug|Any CPU
		{155C2A4D-85BD-40FA-A6BA-5F5145A320C8}.Debug|Win32.ActiveCfg = Debug|Any CPU
		{155C2A4D-85BD-40FA-A6BA-5F5145A320C8}.Release|Any CPU.ActiveCfg = Release|Any CPU
		{155C2A4D-85BD-40FA-A6BA-5F5145A320C8}.Release|Any CPU.Build.0 = Release|Any CPU
		{155C2A4D-85BD-40FA-A6BA-5F5145A320C8}.Release|Mixed Platforms.ActiveCfg = Release|Any CPU
		{155C2A4D-85BD-40FA-A6BA-5F5145A320C8}.Release|Mixed Platforms.Build.0 = Release|Any CPU
		{155C2A4D-85BD-40FA-A6BA-5F5145A320C8}.Release|Win32.ActiveCfg = Release|Any CPU
		{CBFB7788-7221-46F5-B3C4-AC27DC146384}.Debug|Any CPU.ActiveCfg = Debug|Any CPU
		{CBFB7788-7221-46F5-B3C4-AC27DC146384}.Debug|Any CPU.Build.0 = Debug|Any CPU
		{CBFB7788-7221-46F5-B3C4-AC27DC146384}.Debug|Mixed Platforms.ActiveCfg = Debug|Any CPU
		{CBFB7788-7221-46F5-B3C4-AC27DC146384}.Debug|Mixed Platforms.Build.0 = Debug|Any CPU
		{CBFB7788-7221-46F5-B3C4-AC27DC146384}.Debug|Win32.ActiveCfg = Debug|Any CPU
		{CBFB7788-7221-46F5-B3C4-AC27DC146384}.Release|Any CPU.ActiveCfg = Release|Any CPU
		{CBFB7788-7221-46F5-B3C4-AC27DC146384}.Release|Any CPU.Build.0 = Release|Any CPU
		{CBFB7788-7221-46F5-B3C4-AC27DC146384}.Release|Mixed Platforms.ActiveCfg = Release|Any CPU
		{CBFB7788-7221-46F5-B3C4-AC27DC146384}.Release|Mixed Platforms.Build.0 = Release|Any CPU
		{CBFB7788-7221-46F5-B3C4-AC27DC146384}.Release|Win32.ActiveCfg = Release|Any CPU
		{ABD59B3B-79FF-45DC-80AD-2D746D4B6E4A}.Debug|Any CPU.ActiveCfg = Debug|Any CPU
		{ABD59B3B-79FF-45DC-80AD-2D746D4B6E4A}.Debug|Any CPU.Build.0 = Debug|Any CPU
		{ABD59B3B-79FF-45DC-80AD-2D746D4B6E4A}.Debug|Mixed Platforms.ActiveCfg = Debug|Any CPU
		{ABD59B3B-79FF-45DC-80AD-2D746D4B6E4A}.Debug|Mixed Platforms.Build.0 = Debug|Any CPU
		{ABD59B3B-79FF-45DC-80AD-2D746D4B6E4A}.Debug|Win32.ActiveCfg = Debug|Any CPU
		{ABD59B3B-79FF-45DC-80AD-2D746D4B6E4A}.Release|Any CPU.ActiveCfg = Release|Any CPU
		{ABD59B3B-79FF-45DC-80AD-2D746D4B6E4A}.Release|Any CPU.Build.0 = Release|Any CPU
		{ABD59B3B-79FF-45DC-80AD-2D746D4B6E4A}.Release|Mixed Platforms.ActiveCfg = Release|Any CPU
		{ABD59B3B-79FF-45DC-80AD-2D746D4B6E4A}.Release|Mixed Platforms.Build.0 = Release|Any CPU
		{ABD59B3B-79FF-45DC-80AD-2D746D4B6E4A}.Release|Win32.ActiveCfg = Release|Any CPU
		{9FE87B43-FBB2-4B9C-9D81-5114C9C77831}.Debug|Any CPU.ActiveCfg = Debug|Any CPU
		{9FE87B43-FBB2-4B9C-9D81-5114C9C77831}.Debug|Any CPU.Build.0 = Debug|Any CPU
		{9FE87B43-FBB2-4B9C-9D81-5114C9C77831}.Debug|Mixed Platforms.ActiveCfg = Debug|Any CPU
		{9FE87B43-FBB2-4B9C-9D81-5114C9C77831}.Debug|Mixed Platforms.Build.0 = Debug|Any CPU
		{9FE87B43-FBB2-4B9C-9D81-5114C9C77831}.Debug|Win32.ActiveCfg = Debug|Any CPU
		{9FE87B43-FBB2-4B9C-9D81-5114C9C77831}.Release|Any CPU.ActiveCfg = Release|Any CPU
		{9FE87B43-FBB2-4B9C-9D81-5114C9C77831}.Release|Any CPU.Build.0 = Release|Any CPU
		{9FE87B43-FBB2-4B9C-9D81-5114C9C77831}.Release|Mixed Platforms.ActiveCfg = Release|Any CPU
		{9FE87B43-FBB2-4B9C-9D81-5114C9C77831}.Release|Mixed Platforms.Build.0 = Release|Any CPU
		{9FE87B43-FBB2-4B9C-9D81-5114C9C77831}.Release|Win32.ActiveCfg = Release|Any CPU
		{6DA4BBB9-EB04-42BD-A64A-04223182CD61}.Debug|Any CPU.ActiveCfg = Debug|Any CPU
		{6DA4BBB9-EB04-42BD-A64A-04223182CD61}.Debug|Any CPU.Build.0 = Debug|Any CPU
		{6DA4BBB9-EB04-42BD-A64A-04223182CD61}.Debug|Mixed Platforms.ActiveCfg = Debug|Any CPU
		{6DA4BBB9-EB04-42BD-A64A-04223182CD61}.Debug|Mixed Platforms.Build.0 = Debug|Any CPU
		{6DA4BBB9-EB04-42BD-A64A-04223182CD61}.Debug|Win32.ActiveCfg = Debug|Any CPU
		{6DA4BBB9-EB04-42BD-A64A-04223182CD61}.Release|Any CPU.ActiveCfg = Release|Any CPU
		{6DA4BBB9-EB04-42BD-A64A-04223182CD61}.Release|Any CPU.Build.0 = Release|Any CPU
		{6DA4BBB9-EB04-42BD-A64A-04223182CD61}.Release|Mixed Platforms.ActiveCfg = Release|Any CPU
		{6DA4BBB9-EB04-42BD-A64A-04223182CD61}.Release|Mixed Platforms.Build.0 = Release|Any CPU
		{6DA4BBB9-EB04-42BD-A64A-04223182CD61}.Release|Win32.ActiveCfg = Release|Any CPU
		{ED13799B-7944-4F8D-A2B1-8F97F1A5910D}.Debug|Any CPU.ActiveCfg = Debug|Any CPU
		{ED13799B-7944-4F8D-A2B1-8F97F1A5910D}.Debug|Any CPU.Build.0 = Debug|Any CPU
		{ED13799B-7944-4F8D-A2B1-8F97F1A5910D}.Debug|Mixed Platforms.ActiveCfg = Debug|Any CPU
		{ED13799B-7944-4F8D-A2B1-8F97F1A5910D}.Debug|Mixed Platforms.Build.0 = Debug|Any CPU
		{ED13799B-7944-4F8D-A2B1-8F97F1A5910D}.Debug|Win32.ActiveCfg = Debug|Any CPU
		{ED13799B-7944-4F8D-A2B1-8F97F1A5910D}.Release|Any CPU.ActiveCfg = Release|Any CPU
		{ED13799B-7944-4F8D-A2B1-8F97F1A5910D}.Release|Any CPU.Build.0 = Release|Any CPU
		{ED13799B-7944-4F8D-A2B1-8F97F1A5910D}.Release|Mixed Platforms.ActiveCfg = Release|Any CPU
		{ED13799B-7944-4F8D-A2B1-8F97F1A5910D}.Release|Mixed Platforms.Build.0 = Release|Any CPU
		{ED13799B-7944-4F8D-A2B1-8F97F1A5910D}.Release|Win32.ActiveCfg = Release|Any CPU
	EndGlobalSection
	GlobalSection(SolutionProperties) = preSolution
		HideSolutionNode = FALSE
	EndGlobalSection
EndGlobal
